
Microsoft Visual Studio Solution File, Format Version 11.00
# Visual Studio 2010
Project("{FAE04EC0-301F-11D3-BF4B-00C04F79EFBC}") = "Assembly-CSharp", "Assembly-CSharp.csproj", "{09e8b5b7-4e9b-e0c6-813e-733198cfdd40}"
EndProject
Project("{FAE04EC0-301F-11D3-BF4B-00C04F79EFBC}") = "Assembly-CSharp-Editor", "Assembly-CSharp-Editor.csproj", "{2a665209-919c-1d17-02a5-ed290d2d5e26}"
EndProject
Global
	GlobalSection(SolutionConfigurationPlatforms) = preSolution
		Debug|Any CPU = Debug|Any CPU
	EndGlobalSection
	GlobalSection(ProjectConfigurationPlatforms) = postSolution
		{09e8b5b7-4e9b-e0c6-813e-733198cfdd40}.Debug|Any CPU.ActiveCfg = Debug|Any CPU
		{09e8b5b7-4e9b-e0c6-813e-733198cfdd40}.Debug|Any CPU.Build.0 = Debug|Any CPU
		{2a665209-919c-1d17-02a5-ed290d2d5e26}.Debug|Any CPU.ActiveCfg = Debug|Any CPU
		{2a665209-919c-1d17-02a5-ed290d2d5e26}.Debug|Any CPU.Build.0 = Debug|Any CPU
	EndGlobalSection
	GlobalSection(SolutionProperties) = preSolution
		HideSolutionNode = FALSE
	EndGlobalSection
EndGlobal
