<?xml version="1.0" encoding="utf-8"?>
<Project ToolsVersion="4.0" xmlns="http://schemas.microsoft.com/developer/msbuild/2003">
  <ItemGroup>
    <Filter Include="Исходные файлы">
      <UniqueIdentifier>{4FC737F1-C7A5-4376-A066-2A32D752A2FF}</UniqueIdentifier>
      <Extensions>cpp;c;cc;cxx;c++;cppm;ixx;def;odl;idl;hpj;bat;asm;asmx</Extensions>
    </Filter>
    <Filter Include="Файлы заголовков">
      <UniqueIdentifier>{93995380-89BD-4b04-88EB-625FBE52EBFB}</UniqueIdentifier>
      <Extensions>h;hh;hpp;hxx;h++;hm;inl;inc;ipp;xsd</Extensions>
    </Filter>
    <Filter Include="Файлы ресурсов">
      <UniqueIdentifier>{67DA6AB6-F800-4c08-8B7A-83BB121AAD01}</UniqueIdentifier>
      <Extensions>rc;ico;cur;bmp;dlg;rc2;rct;bin;rgs;gif;jpg;jpeg;jpe;resx;tiff;tif;png;wav;mfcribbon-ms</Extensions>
    </Filter>
    <Filter Include="Исходные файлы\minigames">
      <UniqueIdentifier>{b002a1ea-0f33-4e11-99f6-d3213a9d9b05}</UniqueIdentifier>
    </Filter>
    <Filter Include="Файлы заголовков\minigames">
      <UniqueIdentifier>{ffe2e933-8c83-40a7-a97b-218f6984515c}</UniqueIdentifier>
    </Filter>
  </ItemGroup>
  <ItemGroup>
    <ClCompile Include="furfighters.exe.c">
      <Filter>Исходные файлы</Filter>
    </ClCompile>
    <ClCompile Include="models.cpp">
      <Filter>Исходные файлы</Filter>
    </ClCompile>
    <ClCompile Include="settings.cpp">
      <Filter>Исходные файлы</Filter>
    </ClCompile>
    <ClCompile Include="debug.cpp">
      <Filter>Исходные файлы</Filter>
    </ClCompile>
    <ClCompile Include="main.cpp">
      <Filter>Исходные файлы</Filter>
    </ClCompile>
    <ClCompile Include="save.cpp">
      <Filter>Исходные файлы</Filter>
    </ClCompile>
    <ClCompile Include="sounds.cpp">
      <Filter>Исходные файлы</Filter>
    </ClCompile>
    <ClCompile Include="pakdata.cpp">
      <Filter>Исходные файлы</Filter>
    </ClCompile>
    <ClCompile Include="files.cpp">
      <Filter>Исходные файлы</Filter>
    </ClCompile>
    <ClCompile Include="maybe.cpp">
      <Filter>Исходные файлы</Filter>
    </ClCompile>
    <ClCompile Include="emptyfunctions.cpp">
      <Filter>Исходные файлы</Filter>
    </ClCompile>
    <ClCompile Include="directx.cpp">
      <Filter>Исходные файлы</Filter>
    </ClCompile>
    <ClCompile Include="minigame_snake.cpp">
      <Filter>Исходные файлы\minigames</Filter>
    </ClCompile>
    <ClCompile Include="minigame_block.cpp">
      <Filter>Исходные файлы\minigames</Filter>
    </ClCompile>
    <ClCompile Include="minigame_daleks.cpp">
      <Filter>Исходные файлы\minigames</Filter>
    </ClCompile>
    <ClCompile Include="minigame_lander.cpp">
      <Filter>Исходные файлы\minigames</Filter>
    </ClCompile>
    <ClCompile Include="minigame_bomber.cpp">
      <Filter>Исходные файлы\minigames</Filter>
    </ClCompile>
    <ClCompile Include="tempplace.cpp">
      <Filter>Исходные файлы</Filter>
    </ClCompile>
    <ClCompile Include="minigame_global.cpp">
      <Filter>Исходные файлы\minigames</Filter>
    </ClCompile>
    <ClCompile Include="dead_code.cpp">
      <Filter>Исходные файлы</Filter>
    </ClCompile>
    <ClCompile Include="languages.cpp">
      <Filter>Исходные файлы</Filter>
    </ClCompile>
    <ClCompile Include="gui.cpp">
      <Filter>Исходные файлы</Filter>
    </ClCompile>
  </ItemGroup>
  <ItemGroup>
    <ClInclude Include="defs.h">
      <Filter>Файлы заголовков</Filter>
    </ClInclude>
    <ClInclude Include="furfighters.exe.h">
      <Filter>Файлы заголовков</Filter>
    </ClInclude>
    <ClInclude Include="globalVariables.h">
      <Filter>Файлы заголовков</Filter>
    </ClInclude>
    <ClInclude Include="models.h">
      <Filter>Файлы заголовков</Filter>
    </ClInclude>
    <ClInclude Include="settings.h">
      <Filter>Файлы заголовков</Filter>
    </ClInclude>
    <ClInclude Include="save.h">
      <Filter>Файлы заголовков</Filter>
    </ClInclude>
    <ClInclude Include="debug.h">
      <Filter>Файлы заголовков</Filter>
    </ClInclude>
    <ClInclude Include="sounds.h">
      <Filter>Файлы заголовков</Filter>
    </ClInclude>
    <ClInclude Include="pakdata.h">
      <Filter>Файлы заголовков</Filter>
    </ClInclude>
    <ClInclude Include="files.h">
      <Filter>Файлы заголовков</Filter>
    </ClInclude>
    <ClInclude Include="maybe.h">
      <Filter>Файлы заголовков</Filter>
    </ClInclude>
    <ClInclude Include="emptyfunctions.h">
      <Filter>Файлы заголовков</Filter>
    </ClInclude>
    <ClInclude Include="directx.h">
      <Filter>Файлы заголовков</Filter>
    </ClInclude>
    <ClInclude Include="minigame_snake.h">
      <Filter>Файлы заголовков\minigames</Filter>
    </ClInclude>
    <ClInclude Include="minigame_block.h">
      <Filter>Файлы заголовков\minigames</Filter>
    </ClInclude>
    <ClInclude Include="minigame_daleks.h">
      <Filter>Файлы заголовков\minigames</Filter>
    </ClInclude>
    <ClInclude Include="minigame_lander.h">
      <Filter>Файлы заголовков\minigames</Filter>
    </ClInclude>
    <ClInclude Include="minigame_bomber.h">
      <Filter>Файлы заголовков\minigames</Filter>
    </ClInclude>
    <ClInclude Include="tempplace.h">
      <Filter>Файлы заголовков</Filter>
    </ClInclude>
    <ClInclude Include="minigame_global.h">
      <Filter>Файлы заголовков\minigames</Filter>
    </ClInclude>
    <ClInclude Include="dead_code.h">
      <Filter>Файлы заголовков</Filter>
    </ClInclude>
    <ClInclude Include="languages.h">
      <Filter>Файлы заголовков</Filter>
    </ClInclude>
    <ClInclude Include="gui.h">
      <Filter>Файлы заголовков</Filter>
    </ClInclude>
  </ItemGroup>
</Project>